
Microsoft Visual Studio Solution File, Format Version 12.00
# Visual Studio Version 18
VisualStudioVersion = 18.0.11201.2
MinimumVisualStudioVersion = 10.0.40219.1
Project("{2150E333-8FDC-42A3-9474-1A3956D46DE8}") = "NET", "NET", "{8ED244C1-6F60-4954-BC7F-98D827EA31CC}"
EndProject
Project("{2150E333-8FDC-42A3-9474-1A3956D46DE8}") = "Solution Items", "Solution Items", "{089100B1-113F-4E66-888A-E83F3999EAFD}"
	ProjectSection(SolutionItems) = preProject
		..\..\DrawnUi\.gitignore = ..\..\DrawnUi\.gitignore
		..\..\DrawnUi\CLAUDE.md = ..\..\DrawnUi\CLAUDE.md
		..\..\DrawnUi\src\Maui\Directory.Build.props = ..\..\DrawnUi\src\Maui\Directory.Build.props
		..\..\DrawnUi\src\Directory.Build.props = ..\..\DrawnUi\src\Directory.Build.props
		..\..\DrawnUi\src\Directory.Build.targets = ..\..\DrawnUi\src\Directory.Build.targets
		..\..\DrawnUi\nugets\DrawnUi.Maui.targets = ..\..\DrawnUi\nugets\DrawnUi.Maui.targets
		..\..\DrawnUi\README.md = ..\..\DrawnUi\README.md
	EndProjectSection
EndProject
Project("{D954291E-2A0B-460D-934E-DC6B0785DB48}") = "DrawnUi.Shared", "..\..\DrawnUi\src\Shared\DrawnUi.Shared.shproj", "{83974207-9636-48DD-BDB3-98EDECBB1107}"
EndProject
Project("{FAE04EC0-301F-11D3-BF4B-00C04F79EFBC}") = "DrawnUi.Maui", "..\..\DrawnUi\src\Maui\DrawnUi\DrawnUi.Maui.csproj", "{93E119B1-4378-87DF-2DD2-A818D1E6C2A2}"
EndProject
Project("{D954291E-2A0B-460D-934E-DC6B0785DB48}") = "SharedGame", "..\..\DrawnUi\src\SharedGame\SharedGame.shproj", "{F1532DEC-E3EE-4616-8F16-B594C891FCC3}"
EndProject
Project("{D954291E-2A0B-460D-934E-DC6B0785DB48}") = "DrawnUi.SharedNet", "..\..\DrawnUi\src\SharedNet\DrawnUi.SharedNet.shproj", "{C4D8F2A1-7B3E-4F9C-A8D6-5E1B9F2C8D3A}"
EndProject
Project("{FAE04EC0-301F-11D3-BF4B-00C04F79EFBC}") = "DrawnUi.Net", "..\..\DrawnUi\src\Net\DrawnUi\DrawnUi.Net.csproj", "{51F7EC60-4642-3A6F-6C99-F6F62233C374}"
EndProject
Project("{2150E333-8FDC-42A3-9474-1A3956D46DE8}") = "MAUI", "MAUI", "{BC365F4E-F39C-440B-9D0F-05048A884E98}"
EndProject
Project("{2150E333-8FDC-42A3-9474-1A3956D46DE8}") = "Samples", "Samples", "{31616691-6743-4833-B7C9-4A2B6F5443D6}"
EndProject
Project("{FAE04EC0-301F-11D3-BF4B-00C04F79EFBC}") = "DetectFaces", "..\..\DetectFaces\src\DetectFaces.csproj", "{D9F01037-7CC3-E3B4-10BE-E13FC87A89E2}"
EndProject
Project("{FAE04EC0-301F-11D3-BF4B-00C04F79EFBC}") = "DrawnUi.Maui.Camera", "..\src\Lib\DrawnUi.Maui.Camera.csproj", "{55C0443E-7D39-6D43-1799-BA3C2E677F10}"
EndProject
Global
	GlobalSection(SolutionConfigurationPlatforms) = preSolution
		Debug|Any CPU = Debug|Any CPU
		Release|Any CPU = Release|Any CPU
	EndGlobalSection
	GlobalSection(ProjectConfigurationPlatforms) = postSolution
		{93E119B1-4378-87DF-2DD2-A818D1E6C2A2}.Debug|Any CPU.ActiveCfg = Debug|Any CPU
		{93E119B1-4378-87DF-2DD2-A818D1E6C2A2}.Debug|Any CPU.Build.0 = Debug|Any CPU
		{93E119B1-4378-87DF-2DD2-A818D1E6C2A2}.Release|Any CPU.ActiveCfg = Release|Any CPU
		{93E119B1-4378-87DF-2DD2-A818D1E6C2A2}.Release|Any CPU.Build.0 = Release|Any CPU
		{51F7EC60-4642-3A6F-6C99-F6F62233C374}.Debug|Any CPU.ActiveCfg = Debug|Any CPU
		{51F7EC60-4642-3A6F-6C99-F6F62233C374}.Debug|Any CPU.Build.0 = Debug|Any CPU
		{51F7EC60-4642-3A6F-6C99-F6F62233C374}.Release|Any CPU.ActiveCfg = Release|Any CPU
		{51F7EC60-4642-3A6F-6C99-F6F62233C374}.Release|Any CPU.Build.0 = Release|Any CPU
		{D9F01037-7CC3-E3B4-10BE-E13FC87A89E2}.Debug|Any CPU.ActiveCfg = Debug|Any CPU
		{D9F01037-7CC3-E3B4-10BE-E13FC87A89E2}.Debug|Any CPU.Build.0 = Debug|Any CPU
		{D9F01037-7CC3-E3B4-10BE-E13FC87A89E2}.Release|Any CPU.ActiveCfg = Release|Any CPU
		{D9F01037-7CC3-E3B4-10BE-E13FC87A89E2}.Release|Any CPU.Build.0 = Release|Any CPU
		{55C0443E-7D39-6D43-1799-BA3C2E677F10}.Debug|Any CPU.ActiveCfg = Debug|Any CPU
		{55C0443E-7D39-6D43-1799-BA3C2E677F10}.Debug|Any CPU.Build.0 = Debug|Any CPU
		{55C0443E-7D39-6D43-1799-BA3C2E677F10}.Release|Any CPU.ActiveCfg = Release|Any CPU
		{55C0443E-7D39-6D43-1799-BA3C2E677F10}.Release|Any CPU.Build.0 = Release|Any CPU
	EndGlobalSection
	GlobalSection(SolutionProperties) = preSolution
		HideSolutionNode = FALSE
	EndGlobalSection
	GlobalSection(NestedProjects) = preSolution
		{83974207-9636-48DD-BDB3-98EDECBB1107} = {8ED244C1-6F60-4954-BC7F-98D827EA31CC}
		{93E119B1-4378-87DF-2DD2-A818D1E6C2A2} = {BC365F4E-F39C-440B-9D0F-05048A884E98}
		{F1532DEC-E3EE-4616-8F16-B594C891FCC3} = {8ED244C1-6F60-4954-BC7F-98D827EA31CC}
		{C4D8F2A1-7B3E-4F9C-A8D6-5E1B9F2C8D3A} = {8ED244C1-6F60-4954-BC7F-98D827EA31CC}
		{51F7EC60-4642-3A6F-6C99-F6F62233C374} = {8ED244C1-6F60-4954-BC7F-98D827EA31CC}
		{D9F01037-7CC3-E3B4-10BE-E13FC87A89E2} = {31616691-6743-4833-B7C9-4A2B6F5443D6}
		{55C0443E-7D39-6D43-1799-BA3C2E677F10} = {BC365F4E-F39C-440B-9D0F-05048A884E98}
	EndGlobalSection
	GlobalSection(ExtensibilityGlobals) = postSolution
		SolutionGuid = {329E3D0C-A3F7-4A3E-B61C-6B2D1BD7F708}
	EndGlobalSection
	GlobalSection(SharedMSBuildProjectFiles) = preSolution
		..\..\DrawnUi\src\Shared\Shared.projitems*{51f7ec60-4642-3a6f-6c99-f6f62233c374}*SharedItemsImports = 5
		..\..\DrawnUi\src\Shared\Shared.projitems*{83974207-9636-48dd-bdb3-98edecbb1107}*SharedItemsImports = 13
		..\..\DrawnUi\src\Shared\Shared.projitems*{93e119b1-4378-87df-2dd2-a818d1e6c2a2}*SharedItemsImports = 5
		..\..\DrawnUi\src\SharedNet\SharedNet.projitems*{c4d8f2a1-7b3e-4f9c-a8d6-5e1b9f2c8d3a}*SharedItemsImports = 13
		..\..\DrawnUi\src\SharedGame\SharedGame.projitems*{f1532dec-e3ee-4616-8f16-b594c891fcc3}*SharedItemsImports = 13
	EndGlobalSection
EndGlobal
