<Solution>
  <Folder Name="/Solution Items/">
    <File Path="../../DrawnUi/src/Directory.Build.targets" />
    <File Path="../README.md" />
  </Folder>
  <Project Path="../../DetectFaces/src/DetectFaces.csproj">
    <Deploy Solution="Debug|*" />
  </Project>
  <Project Path="../../DrawnUi/src/Maui/DrawnUi/DrawnUi.Maui.csproj" />
  <Project Path="../../DrawnUi/src/Shared/DrawnUi/DrawnUi.Shared.shproj" Id="c7c09e4d-077a-4d88-b5fd-0c5aa6e56e07" />
  <Project Path="../src/MAUI/Lib/DrawnUi.Maui.Camera.csproj" />
  <Project Path="../src/MAUI/Sample/SkiaCameraDemo.csproj">
    <Deploy Solution="Debug|*" />
  </Project>
  <Project Path="../src/NET/HarnessSample/CameraHarness.csproj" />
</Solution>
